
Microsoft Visual Studio Solution File, Format Version 12.00
# Visual Studio Version 16
VisualStudioVersion = 16.0.28803.452
MinimumVisualStudioVersion = 10.0.40219.1
Project("{FAE04EC0-301F-11D3-BF4B-00C04F79EFBC}") = "TeamTaskManager", "TeamTaskManager\TeamTaskManager.csproj", "{AA826760-18D2-449B-A153-8EAA21A343F8}"
EndProject
Global
	GlobalSection(SolutionConfigurationPlatforms) = preSolution
		Debug|Any CPU = Debug|Any CPU
		Release|Any CPU = Release|Any CPU
	EndGlobalSection
	GlobalSection(ProjectConfigurationPlatforms) = postSolution
		{AA826760-18D2-449B-A153-8EAA21A343F8}.Debug|Any CPU.ActiveCfg = Debug|Any CPU
		{AA826760-18D2-449B-A153-8EAA21A343F8}.Debug|Any CPU.Build.0 = Debug|Any CPU
		{AA826760-18D2-449B-A153-8EAA21A343F8}.Release|Any CPU.ActiveCfg = Release|Any CPU
		{AA826760-18D2-449B-A153-8EAA21A343F8}.Release|Any CPU.Build.0 = Release|Any CPU
	EndGlobalSection
	GlobalSection(SolutionProperties) = preSolution
		HideSolutionNode = FALSE
	EndGlobalSection
	GlobalSection(ExtensibilityGlobals) = postSolution
		SolutionGuid = {CB658003-3134-446E-BCF1-43EB64D7964E}
	EndGlobalSection
EndGlobal
